
Microsoft Visual Studio Solution File, Format Version 12.00
# Visual Studio 15
VisualStudioVersion = 15.0.26403.7
MinimumVisualStudioVersion = 10.0.40219.1
Project("{FAE04EC0-301F-11D3-BF4B-00C04F79EFBC}") = "EntityFraimwork", "EntityFraimwork\EntityFraimwork.csproj", "{68DF5F5F-E2DF-4434-8256-B603EC8C4E8E}"
EndProject
Project("{FAE04EC0-301F-11D3-BF4B-00C04F79EFBC}") = "OneToOne", "OneToOne\OneToOne.csproj", "{22B48B56-8838-4763-8E8F-39FA8F2072DF}"
EndProject
Project("{FAE04EC0-301F-11D3-BF4B-00C04F79EFBC}") = "OneToMany", "OneToMany\OneToMany.csproj", "{342D65B6-DF0B-4AF8-8C73-FE90B50C8B65}"
EndProject
Project("{FAE04EC0-301F-11D3-BF4B-00C04F79EFBC}") = "ManyToMany", "ManyToMany\ManyToMany.csproj", "{56865B1C-642B-4FF2-B51E-7CE3C7B2CBEB}"
EndProject
Project("{FAE04EC0-301F-11D3-BF4B-00C04F79EFBC}") = "LinqToEntityes", "LinqToEntityes\LinqToEntityes.csproj", "{550689D9-5238-4F4F-B16C-9BD94928FC2F}"
EndProject
Project("{2150E333-8FDC-42A3-9474-1A3956D46DE8}") = "Part1", "Part1", "{F9B46530-5242-411A-9006-3027ECDC46B5}"
EndProject
Project("{2150E333-8FDC-42A3-9474-1A3956D46DE8}") = "Part2", "Part2", "{A0225D09-AD93-48B6-AEE8-4C674AC412C4}"
EndProject
Project("{FAE04EC0-301F-11D3-BF4B-00C04F79EFBC}") = "DataContext", "DataContext\DataContext.csproj", "{035B41D5-5C65-467C-907A-FDA52D1DE070}"
EndProject
Project("{FAE04EC0-301F-11D3-BF4B-00C04F79EFBC}") = "IEnumerableAndIQueryable", "IEnumerableAndIQueryable\IEnumerableAndIQueryable.csproj", "{DA1DAAED-E5F5-42D8-82F8-A6E1D009FEC9}"
EndProject
Project("{FAE04EC0-301F-11D3-BF4B-00C04F79EFBC}") = "Intro", "Intro\Intro.csproj", "{A60225A8-D9F5-4FD6-9445-9FAACDAD7EEC}"
	ProjectSection(ProjectDependencies) = postProject
		{035B41D5-5C65-467C-907A-FDA52D1DE070} = {035B41D5-5C65-467C-907A-FDA52D1DE070}
	EndProjectSection
EndProject
Project("{FAE04EC0-301F-11D3-BF4B-00C04F79EFBC}") = "SelectionAndProjection", "SelectionAndProjection\SelectionAndProjection.csproj", "{40A0D55E-CDFA-40B9-B509-E1D62BD2DC84}"
EndProject
Project("{FAE04EC0-301F-11D3-BF4B-00C04F79EFBC}") = "Sorting", "Sorting\Sorting.csproj", "{B1E1B0FE-CAD9-4BD9-A942-410E4C0A96AB}"
EndProject
Project("{FAE04EC0-301F-11D3-BF4B-00C04F79EFBC}") = "Join", "Join\Join.csproj", "{BE8176F4-5373-499F-8F02-D395F478B7F3}"
EndProject
Project("{FAE04EC0-301F-11D3-BF4B-00C04F79EFBC}") = "Grouping", "Grouping\Grouping.csproj", "{D091C0E6-20B3-4B3C-BAFA-AA9DD44BF1C0}"
EndProject
Project("{FAE04EC0-301F-11D3-BF4B-00C04F79EFBC}") = "SetOperations", "SetOperations\SetOperations.csproj", "{74017ADA-D74F-49D9-BC8A-31594DD96D07}"
EndProject
Global
	GlobalSection(SolutionConfigurationPlatforms) = preSolution
		Debug|Any CPU = Debug|Any CPU
		Release|Any CPU = Release|Any CPU
	EndGlobalSection
	GlobalSection(ProjectConfigurationPlatforms) = postSolution
		{68DF5F5F-E2DF-4434-8256-B603EC8C4E8E}.Debug|Any CPU.ActiveCfg = Debug|Any CPU
		{68DF5F5F-E2DF-4434-8256-B603EC8C4E8E}.Debug|Any CPU.Build.0 = Debug|Any CPU
		{68DF5F5F-E2DF-4434-8256-B603EC8C4E8E}.Release|Any CPU.ActiveCfg = Release|Any CPU
		{68DF5F5F-E2DF-4434-8256-B603EC8C4E8E}.Release|Any CPU.Build.0 = Release|Any CPU
		{22B48B56-8838-4763-8E8F-39FA8F2072DF}.Debug|Any CPU.ActiveCfg = Debug|Any CPU
		{22B48B56-8838-4763-8E8F-39FA8F2072DF}.Debug|Any CPU.Build.0 = Debug|Any CPU
		{22B48B56-8838-4763-8E8F-39FA8F2072DF}.Release|Any CPU.ActiveCfg = Release|Any CPU
		{22B48B56-8838-4763-8E8F-39FA8F2072DF}.Release|Any CPU.Build.0 = Release|Any CPU
		{342D65B6-DF0B-4AF8-8C73-FE90B50C8B65}.Debug|Any CPU.ActiveCfg = Debug|Any CPU
		{342D65B6-DF0B-4AF8-8C73-FE90B50C8B65}.Debug|Any CPU.Build.0 = Debug|Any CPU
		{342D65B6-DF0B-4AF8-8C73-FE90B50C8B65}.Release|Any CPU.ActiveCfg = Release|Any CPU
		{342D65B6-DF0B-4AF8-8C73-FE90B50C8B65}.Release|Any CPU.Build.0 = Release|Any CPU
		{56865B1C-642B-4FF2-B51E-7CE3C7B2CBEB}.Debug|Any CPU.ActiveCfg = Debug|Any CPU
		{56865B1C-642B-4FF2-B51E-7CE3C7B2CBEB}.Debug|Any CPU.Build.0 = Debug|Any CPU
		{56865B1C-642B-4FF2-B51E-7CE3C7B2CBEB}.Release|Any CPU.ActiveCfg = Release|Any CPU
		{56865B1C-642B-4FF2-B51E-7CE3C7B2CBEB}.Release|Any CPU.Build.0 = Release|Any CPU
		{550689D9-5238-4F4F-B16C-9BD94928FC2F}.Debug|Any CPU.ActiveCfg = Debug|Any CPU
		{550689D9-5238-4F4F-B16C-9BD94928FC2F}.Debug|Any CPU.Build.0 = Debug|Any CPU
		{550689D9-5238-4F4F-B16C-9BD94928FC2F}.Release|Any CPU.ActiveCfg = Release|Any CPU
		{550689D9-5238-4F4F-B16C-9BD94928FC2F}.Release|Any CPU.Build.0 = Release|Any CPU
		{035B41D5-5C65-467C-907A-FDA52D1DE070}.Debug|Any CPU.ActiveCfg = Debug|Any CPU
		{035B41D5-5C65-467C-907A-FDA52D1DE070}.Debug|Any CPU.Build.0 = Debug|Any CPU
		{035B41D5-5C65-467C-907A-FDA52D1DE070}.Release|Any CPU.ActiveCfg = Release|Any CPU
		{035B41D5-5C65-467C-907A-FDA52D1DE070}.Release|Any CPU.Build.0 = Release|Any CPU
		{DA1DAAED-E5F5-42D8-82F8-A6E1D009FEC9}.Debug|Any CPU.ActiveCfg = Debug|Any CPU
		{DA1DAAED-E5F5-42D8-82F8-A6E1D009FEC9}.Debug|Any CPU.Build.0 = Debug|Any CPU
		{DA1DAAED-E5F5-42D8-82F8-A6E1D009FEC9}.Release|Any CPU.ActiveCfg = Release|Any CPU
		{DA1DAAED-E5F5-42D8-82F8-A6E1D009FEC9}.Release|Any CPU.Build.0 = Release|Any CPU
		{A60225A8-D9F5-4FD6-9445-9FAACDAD7EEC}.Debug|Any CPU.ActiveCfg = Debug|Any CPU
		{A60225A8-D9F5-4FD6-9445-9FAACDAD7EEC}.Debug|Any CPU.Build.0 = Debug|Any CPU
		{A60225A8-D9F5-4FD6-9445-9FAACDAD7EEC}.Release|Any CPU.ActiveCfg = Release|Any CPU
		{A60225A8-D9F5-4FD6-9445-9FAACDAD7EEC}.Release|Any CPU.Build.0 = Release|Any CPU
		{40A0D55E-CDFA-40B9-B509-E1D62BD2DC84}.Debug|Any CPU.ActiveCfg = Debug|Any CPU
		{40A0D55E-CDFA-40B9-B509-E1D62BD2DC84}.Debug|Any CPU.Build.0 = Debug|Any CPU
		{40A0D55E-CDFA-40B9-B509-E1D62BD2DC84}.Release|Any CPU.ActiveCfg = Release|Any CPU
		{40A0D55E-CDFA-40B9-B509-E1D62BD2DC84}.Release|Any CPU.Build.0 = Release|Any CPU
		{B1E1B0FE-CAD9-4BD9-A942-410E4C0A96AB}.Debug|Any CPU.ActiveCfg = Debug|Any CPU
		{B1E1B0FE-CAD9-4BD9-A942-410E4C0A96AB}.Debug|Any CPU.Build.0 = Debug|Any CPU
		{B1E1B0FE-CAD9-4BD9-A942-410E4C0A96AB}.Release|Any CPU.ActiveCfg = Release|Any CPU
		{B1E1B0FE-CAD9-4BD9-A942-410E4C0A96AB}.Release|Any CPU.Build.0 = Release|Any CPU
		{BE8176F4-5373-499F-8F02-D395F478B7F3}.Debug|Any CPU.ActiveCfg = Debug|Any CPU
		{BE8176F4-5373-499F-8F02-D395F478B7F3}.Debug|Any CPU.Build.0 = Debug|Any CPU
		{BE8176F4-5373-499F-8F02-D395F478B7F3}.Release|Any CPU.ActiveCfg = Release|Any CPU
		{BE8176F4-5373-499F-8F02-D395F478B7F3}.Release|Any CPU.Build.0 = Release|Any CPU
		{D091C0E6-20B3-4B3C-BAFA-AA9DD44BF1C0}.Debug|Any CPU.ActiveCfg = Debug|Any CPU
		{D091C0E6-20B3-4B3C-BAFA-AA9DD44BF1C0}.Debug|Any CPU.Build.0 = Debug|Any CPU
		{D091C0E6-20B3-4B3C-BAFA-AA9DD44BF1C0}.Release|Any CPU.ActiveCfg = Release|Any CPU
		{D091C0E6-20B3-4B3C-BAFA-AA9DD44BF1C0}.Release|Any CPU.Build.0 = Release|Any CPU
		{74017ADA-D74F-49D9-BC8A-31594DD96D07}.Debug|Any CPU.ActiveCfg = Debug|Any CPU
		{74017ADA-D74F-49D9-BC8A-31594DD96D07}.Debug|Any CPU.Build.0 = Debug|Any CPU
		{74017ADA-D74F-49D9-BC8A-31594DD96D07}.Release|Any CPU.ActiveCfg = Release|Any CPU
		{74017ADA-D74F-49D9-BC8A-31594DD96D07}.Release|Any CPU.Build.0 = Release|Any CPU
	EndGlobalSection
	GlobalSection(SolutionProperties) = preSolution
		HideSolutionNode = FALSE
	EndGlobalSection
	GlobalSection(NestedProjects) = preSolution
		{68DF5F5F-E2DF-4434-8256-B603EC8C4E8E} = {F9B46530-5242-411A-9006-3027ECDC46B5}
		{22B48B56-8838-4763-8E8F-39FA8F2072DF} = {F9B46530-5242-411A-9006-3027ECDC46B5}
		{342D65B6-DF0B-4AF8-8C73-FE90B50C8B65} = {F9B46530-5242-411A-9006-3027ECDC46B5}
		{56865B1C-642B-4FF2-B51E-7CE3C7B2CBEB} = {F9B46530-5242-411A-9006-3027ECDC46B5}
		{550689D9-5238-4F4F-B16C-9BD94928FC2F} = {F9B46530-5242-411A-9006-3027ECDC46B5}
		{035B41D5-5C65-467C-907A-FDA52D1DE070} = {A0225D09-AD93-48B6-AEE8-4C674AC412C4}
		{DA1DAAED-E5F5-42D8-82F8-A6E1D009FEC9} = {A0225D09-AD93-48B6-AEE8-4C674AC412C4}
		{A60225A8-D9F5-4FD6-9445-9FAACDAD7EEC} = {A0225D09-AD93-48B6-AEE8-4C674AC412C4}
		{40A0D55E-CDFA-40B9-B509-E1D62BD2DC84} = {A0225D09-AD93-48B6-AEE8-4C674AC412C4}
		{B1E1B0FE-CAD9-4BD9-A942-410E4C0A96AB} = {A0225D09-AD93-48B6-AEE8-4C674AC412C4}
		{BE8176F4-5373-499F-8F02-D395F478B7F3} = {A0225D09-AD93-48B6-AEE8-4C674AC412C4}
		{D091C0E6-20B3-4B3C-BAFA-AA9DD44BF1C0} = {A0225D09-AD93-48B6-AEE8-4C674AC412C4}
		{74017ADA-D74F-49D9-BC8A-31594DD96D07} = {A0225D09-AD93-48B6-AEE8-4C674AC412C4}
	EndGlobalSection
EndGlobal
